{
  "lockfile-version": 1,
  "manifest": {
    "schema-version": "1.13.0",
    "install": {
      "gnumake": {
        "pkg-path": "gnumake"
      },
      "go": {
        "pkg-path": "go"
      }
    },
    "hook": {},
    "profile": {},
    "options": {}
  },
  "packages": [
    {
      "attr_path": "gnumake",
      "broken": false,
      "derivation": "/nix/store/fq3j34ffr44fa5a5nkwci5pdncl5h7hg-gnumake-4.4.1.drv",
      "description": "Tool to control the generation of non-source files from sources",
      "install_id": "gnumake",
      "license": "GPL-3.0-or-later",
      "locked_url": "https://github.com/flox/nixpkgs?rev=e73de5be04e0eff4190a1432b946d469c794e7b4",
      "name": "gnumake-4.4.1",
      "pname": "gnumake",
      "rev": "e73de5be04e0eff4190a1432b946d469c794e7b4",
      "rev_count": 1022855,
      "rev_date": "2026-06-26T09:58:34Z",
      "scrape_date": "2026-06-27T03:16:44.376169Z",
      "stabilities": [
        "unstable"
      ],
      "unfree": false,
      "version": "4.4.1",
      "outputs_to_install": [
        "man",
        "out"
      ],
      "outputs": {
        "doc": "/nix/store/v2jpgmm2fsg7b0z27cc514jdqbhm0isy-gnumake-4.4.1-doc",
        "info": "/nix/store/dli72plfj1gcp88wv6px7qjjqvnnlql5-gnumake-4.4.1-info",
        "man": "/nix/store/mzy3b5lxi8jbq5d63yvq52sjsq73907l-gnumake-4.4.1-man",
        "out": "/nix/store/ij3d5cfr8h31a41l80jzid0z6kj2ajsv-gnumake-4.4.1"
      },
      "system": "aarch64-darwin",
      "group": "toplevel",
      "priority": 5
    },
    {
      "attr_path": "gnumake",
      "broken": false,
      "derivation": "/nix/store/8g055kd88xxnsxxanrn2l1ycmd1zaqp4-gnumake-4.4.1.drv",
      "description": "Tool to control the generation of non-source files from sources",
      "install_id": "gnumake",
      "license": "GPL-3.0-or-later",
      "locked_url": "https://github.com/flox/nixpkgs?rev=e73de5be04e0eff4190a1432b946d469c794e7b4",
      "name": "gnumake-4.4.1",
      "pname": "gnumake",
      "rev": "e73de5be04e0eff4190a1432b946d469c794e7b4",
      "rev_count": 1022855,
      "rev_date": "2026-06-26T09:58:34Z",
      "scrape_date": "2026-06-27T03:49:25.005601Z",
      "stabilities": [
        "unstable"
      ],
      "unfree": false,
      "version": "4.4.1",
      "outputs_to_install": [
        "man",
        "out"
      ],
      "outputs": {
        "debug": "/nix/store/rcg8zj3391869cn266zwxynplwhyf6qw-gnumake-4.4.1-debug",
        "doc": "/nix/store/qvl65zgm24p9sw0mzw3cxijcs8palykk-gnumake-4.4.1-doc",
        "info": "/nix/store/2xp5f2ypvrlg6wn5s44jg3ji82l78k9q-gnumake-4.4.1-info",
        "man": "/nix/store/3c96gbpypik8gzasv9brnka3i6mks9rz-gnumake-4.4.1-man",
        "out": "/nix/store/v1888rzl1qf8zzd27q1vxvqqssizjx3x-gnumake-4.4.1"
      },
      "system": "aarch64-linux",
      "group": "toplevel",
      "priority": 5
    },
    {
      "attr_path": "gnumake",
      "broken": false,
      "derivation": "/nix/store/k8zf9n1v4hwky8xq8k83rxh7lrxwy630-gnumake-4.4.1.drv",
      "description": "Tool to control the generation of non-source files from sources",
      "install_id": "gnumake",
      "license": "GPL-3.0-or-later",
      "locked_url": "https://github.com/flox/nixpkgs?rev=e73de5be04e0eff4190a1432b946d469c794e7b4",
      "name": "gnumake-4.4.1",
      "pname": "gnumake",
      "rev": "e73de5be04e0eff4190a1432b946d469c794e7b4",
      "rev_count": 1022855,
      "rev_date": "2026-06-26T09:58:34Z",
      "scrape_date": "2026-06-27T04:21:05.627763Z",
      "stabilities": [
        "unstable"
      ],
      "unfree": false,
      "version": "4.4.1",
      "outputs_to_install": [
        "man",
        "out"
      ],
      "outputs": {
        "doc": "/nix/store/3b9cjf16jx4ncpp3b4k6m8q01nxsrw1n-gnumake-4.4.1-doc",
        "info": "/nix/store/rriz5p4q8a6sca7sw3p3js1m5dl09ia8-gnumake-4.4.1-info",
        "man": "/nix/store/wb4yn3d7vmi1hr4f8pz38rjvcl7f70ma-gnumake-4.4.1-man",
        "out": "/nix/store/0bg5b97b9hbhz8907bfcrch1i116xppa-gnumake-4.4.1"
      },
      "system": "x86_64-darwin",
      "group": "toplevel",
      "priority": 5
    },
    {
      "attr_path": "gnumake",
      "broken": false,
      "derivation": "/nix/store/ppc7b3wjgk81bxnls18vjflgw70wxss4-gnumake-4.4.1.drv",
      "description": "Tool to control the generation of non-source files from sources",
      "install_id": "gnumake",
      "license": "GPL-3.0-or-later",
      "locked_url": "https://github.com/flox/nixpkgs?rev=e73de5be04e0eff4190a1432b946d469c794e7b4",
      "name": "gnumake-4.4.1",
      "pname": "gnumake",
      "rev": "e73de5be04e0eff4190a1432b946d469c794e7b4",
      "rev_count": 1022855,
      "rev_date": "2026-06-26T09:58:34Z",
      "scrape_date": "2026-06-27T04:55:46.853689Z",
      "stabilities": [
        "unstable"
      ],
      "unfree": false,
      "version": "4.4.1",
      "outputs_to_install": [
        "man",
        "out"
      ],
      "outputs": {
        "debug": "/nix/store/054b9sxxzph2fbwmj45njf1rspjifaz6-gnumake-4.4.1-debug",
        "doc": "/nix/store/c2skg22md4ablx0qfcrsh7vpad31zgyx-gnumake-4.4.1-doc",
        "info": "/nix/store/6mifiq9cp2bsg9ghkhifrvlmip7z3147-gnumake-4.4.1-info",
        "man": "/nix/store/arjpl2nnq7khwfhy16qphyxxg924apy1-gnumake-4.4.1-man",
        "out": "/nix/store/k9ybsvscqk4lhz5ndc1ap9800im1cry1-gnumake-4.4.1"
      },
      "system": "x86_64-linux",
      "group": "toplevel",
      "priority": 5
    },
    {
      "attr_path": "go",
      "broken": false,
      "derivation": "/nix/store/0j94l4ngkz3fppqd0wxqsvjwri4fny1y-go-1.26.4.drv",
      "description": "Go Programming language",
      "install_id": "go",
      "license": "BSD-3-Clause",
      "locked_url": "https://github.com/flox/nixpkgs?rev=e73de5be04e0eff4190a1432b946d469c794e7b4",
      "name": "go-1.26.4",
      "pname": "go",
      "rev": "e73de5be04e0eff4190a1432b946d469c794e7b4",
      "rev_count": 1022855,
      "rev_date": "2026-06-26T09:58:34Z",
      "scrape_date": "2026-06-27T03:16:44.385641Z",
      "stabilities": [
        "unstable"
      ],
      "unfree": false,
      "version": "1.26.4",
      "outputs_to_install": [
        "out"
      ],
      "outputs": {
        "out": "/nix/store/kyai650rrywrzflnwda9mbk2c2j9w68r-go-1.26.4"
      },
      "system": "aarch64-darwin",
      "group": "toplevel",
      "priority": 5
    },
    {
      "attr_path": "go",
      "broken": false,
      "derivation": "/nix/store/a402qx3ryvfilga56w29z0izz6jgi7gi-go-1.26.4.drv",
      "description": "Go Programming language",
      "install_id": "go",
      "license": "BSD-3-Clause",
      "locked_url": "https://github.com/flox/nixpkgs?rev=e73de5be04e0eff4190a1432b946d469c794e7b4",
      "name": "go-1.26.4",
      "pname": "go",
      "rev": "e73de5be04e0eff4190a1432b946d469c794e7b4",
      "rev_count": 1022855,
      "rev_date": "2026-06-26T09:58:34Z",
      "scrape_date": "2026-06-27T03:49:25.021336Z",
      "stabilities": [
        "unstable"
      ],
      "unfree": false,
      "version": "1.26.4",
      "outputs_to_install": [
        "out"
      ],
      "outputs": {
        "out": "/nix/store/lgcj27hrbanbc93xm9zdrldds7b1jrw8-go-1.26.4"
      },
      "system": "aarch64-linux",
      "group": "toplevel",
      "priority": 5
    },
    {
      "attr_path": "go",
      "broken": false,
      "derivation": "/nix/store/0lvbzgq250sass3jyxxvpamk09gcnym3-go-1.26.4.drv",
      "description": "Go Programming language",
      "install_id": "go",
      "license": "BSD-3-Clause",
      "locked_url": "https://github.com/flox/nixpkgs?rev=e73de5be04e0eff4190a1432b946d469c794e7b4",
      "name": "go-1.26.4",
      "pname": "go",
      "rev": "e73de5be04e0eff4190a1432b946d469c794e7b4",
      "rev_count": 1022855,
      "rev_date": "2026-06-26T09:58:34Z",
      "scrape_date": "2026-06-27T04:21:05.637364Z",
      "stabilities": [
        "unstable"
      ],
      "unfree": false,
      "version": "1.26.4",
      "outputs_to_install": [
        "out"
      ],
      "outputs": {
        "out": "/nix/store/h0z6ghmi3cihlbm163d72xs9p9nn04a1-go-1.26.4"
      },
      "system": "x86_64-darwin",
      "group": "toplevel",
      "priority": 5
    },
    {
      "attr_path": "go",
      "broken": false,
      "derivation": "/nix/store/z0b6qhv17xys7hfpnxmk0vm31nc3pxdf-go-1.26.4.drv",
      "description": "Go Programming language",
      "install_id": "go",
      "license": "BSD-3-Clause",
      "locked_url": "https://github.com/flox/nixpkgs?rev=e73de5be04e0eff4190a1432b946d469c794e7b4",
      "name": "go-1.26.4",
      "pname": "go",
      "rev": "e73de5be04e0eff4190a1432b946d469c794e7b4",
      "rev_count": 1022855,
      "rev_date": "2026-06-26T09:58:34Z",
      "scrape_date": "2026-06-27T04:55:46.870590Z",
      "stabilities": [
        "unstable"
      ],
      "unfree": false,
      "version": "1.26.4",
      "outputs_to_install": [
        "out"
      ],
      "outputs": {
        "out": "/nix/store/gb0njhqswlc5n127ikgyikvq39r40l6f-go-1.26.4"
      },
      "system": "x86_64-linux",
      "group": "toplevel",
      "priority": 5
    }
  ]
}
